
Microsoft Visual Studio Solution File, Format Version 12.00
# Visual Studio Version 17
VisualStudioVersion = 17.14.36623.8
MinimumVisualStudioVersion = 10.0.40219.1
Project("{FAE04EC0-301F-11D3-BF4B-00C04F79EFBC}") = "ProyectoGym", "ProyectoGym.csproj", "{513ACF81-6F60-4A62-8830-FA2A2A25523F}"
EndProject
Global
	GlobalSection(SolutionConfigurationPlatforms) = preSolution
		Debug|Any CPU = Debug|Any CPU
		Release|Any CPU = Release|Any CPU
	EndGlobalSection
	GlobalSection(ProjectConfigurationPlatforms) = postSolution
		{513ACF81-6F60-4A62-8830-FA2A2A25523F}.Debug|Any CPU.ActiveCfg = Debug|Any CPU
		{513ACF81-6F60-4A62-8830-FA2A2A25523F}.Debug|Any CPU.Build.0 = Debug|Any CPU
		{513ACF81-6F60-4A62-8830-FA2A2A25523F}.Release|Any CPU.ActiveCfg = Release|Any CPU
		{513ACF81-6F60-4A62-8830-FA2A2A25523F}.Release|Any CPU.Build.0 = Release|Any CPU
	EndGlobalSection
	GlobalSection(SolutionProperties) = preSolution
		HideSolutionNode = FALSE
	EndGlobalSection
	GlobalSection(ExtensibilityGlobals) = postSolution
		SolutionGuid = {63A6A3E1-0467-4B42-BC17-E7E4DC34E9FD}
	EndGlobalSection
EndGlobal
